
Microsoft Visual Studio Solution File, Format Version 12.00
# Visual Studio Version 17
VisualStudioVersion = 17.9.34728.123
MinimumVisualStudioVersion = 10.0.40219.1
Project("{9A19103F-16F7-4668-BE54-9A1E7A4F7556}") = "Autoberles", "Autoberles.csproj", "{AC0729F5-EA1F-4AD5-9E06-AD3C16341041}"
EndProject
Global
	GlobalSection(SolutionConfigurationPlatforms) = preSolution
		Debug|Any CPU = Debug|Any CPU
		Release|Any CPU = Release|Any CPU
	EndGlobalSection
	GlobalSection(ProjectConfigurationPlatforms) = postSolution
		{AC0729F5-EA1F-4AD5-9E06-AD3C16341041}.Debug|Any CPU.ActiveCfg = Debug|Any CPU
		{AC0729F5-EA1F-4AD5-9E06-AD3C16341041}.Debug|Any CPU.Build.0 = Debug|Any CPU
		{AC0729F5-EA1F-4AD5-9E06-AD3C16341041}.Release|Any CPU.ActiveCfg = Release|Any CPU
		{AC0729F5-EA1F-4AD5-9E06-AD3C16341041}.Release|Any CPU.Build.0 = Release|Any CPU
	EndGlobalSection
	GlobalSection(SolutionProperties) = preSolution
		HideSolutionNode = FALSE
	EndGlobalSection
	GlobalSection(ExtensibilityGlobals) = postSolution
		SolutionGuid = {F1E11E21-2208-4413-BBFB-42D58425C5D5}
	EndGlobalSection
EndGlobal
